{
  "lockfileVersion": 1,
  "workspaces": {
    "": {
      "dependencies": {
        "@faker-js/faker": "^10.1.0",
      },
    },
  },
  "packages": {
    "@faker-js/faker": ["@faker-js/faker@10.1.0", "", {}, "sha512-C3mrr3b5dRVlKPJdfrAXS8+dq+rq8Qm5SNRazca0JKgw1HQERFmrVb0towvMmw5uu8hHKNiQasMaR/tydf3Zsg=="],
  }
}
